// !$*UTF8*$!
{
	archiveVersion = 1;
	classes = {
	};
	objectVersion = 55;
	objects = {

/* Begin PBXBuildFile section */
		7502B5EC27312E3C00E9F0C8 /* AddSectionMenu.swift in Sources */ = {isa = PBXBuildFile; fileRef = 7502B5EB27312E3C00E9F0C8 /* AddSectionMenu.swift */; };
		7502B5EE2731509E00E9F0C8 /* Binding.swift in Sources */ = {isa = PBXBuildFile; fileRef = 7502B5ED2731509E00E9F0C8 /* Binding.swift */; };
		7502B5F027316F2E00E9F0C8 /* SectionView.swift in Sources */ = {isa = PBXBuildFile; fileRef = 7502B5EF27316F2E00E9F0C8 /* SectionView.swift */; };
		7502B5F227318F7400E9F0C8 /* FloatingTextView.swift in Sources */ = {isa = PBXBuildFile; fileRef = 7502B5F127318F7300E9F0C8 /* FloatingTextView.swift */; };
		751E9B48272AF7B1008D4D26 /* UIImage Extension.swift in Sources */ = {isa = PBXBuildFile; fileRef = 751E9B47272AF7B1008D4D26 /* UIImage Extension.swift */; };
		753F1FBF272BE56400804584 /* Color extension.swift in Sources */ = {isa = PBXBuildFile; fileRef = 753F1FBE272BE56400804584 /* Color extension.swift */; };
		753F1FC4272BF3B500804584 /* DDField+CoreDataClass.swift in Sources */ = {isa = PBXBuildFile; fileRef = 753F1FC0272BF3B500804584 /* DDField+CoreDataClass.swift */; };
		753F1FC5272BF3B500804584 /* DDField+CoreDataProperties.swift in Sources */ = {isa = PBXBuildFile; fileRef = 753F1FC1272BF3B500804584 /* DDField+CoreDataProperties.swift */; };
		753F1FDA272BF5F000804584 /* DDSection+CoreDataClass.swift in Sources */ = {isa = PBXBuildFile; fileRef = 753F1FD8272BF5F000804584 /* DDSection+CoreDataClass.swift */; };
		753F1FDB272BF5F000804584 /* DDSection+CoreDataProperties.swift in Sources */ = {isa = PBXBuildFile; fileRef = 753F1FD9272BF5F000804584 /* DDSection+CoreDataProperties.swift */; };
		753F1FE3272C008B00804584 /* Info Options.swift in Sources */ = {isa = PBXBuildFile; fileRef = 753F1FE2272C008B00804584 /* Info Options.swift */; };
		753F1FE5272C019700804584 /* String Extension.swift in Sources */ = {isa = PBXBuildFile; fileRef = 753F1FE4272C019700804584 /* String Extension.swift */; };
		753F1FE7272C0A9A00804584 /* CustomButtonStyle.swift in Sources */ = {isa = PBXBuildFile; fileRef = 753F1FE6272C0A9A00804584 /* CustomButtonStyle.swift */; };
		7542D9162728122E00DB7A95 /* EditFoldersView.swift in Sources */ = {isa = PBXBuildFile; fileRef = 7542D9152728122D00DB7A95 /* EditFoldersView.swift */; };
		7542D91D27283C9000DB7A95 /* Alert Extension.swift in Sources */ = {isa = PBXBuildFile; fileRef = 7542D91C27283C9000DB7A95 /* Alert Extension.swift */; };
		7542D91F272845D600DB7A95 /* CoreDataEntity.swift in Sources */ = {isa = PBXBuildFile; fileRef = 7542D91E272845D600DB7A95 /* CoreDataEntity.swift */; };
		7542D92127284F4C00DB7A95 /* AddNewView.swift in Sources */ = {isa = PBXBuildFile; fileRef = 7542D92027284F4B00DB7A95 /* AddNewView.swift */; };
		755425C9272A98B500733D64 /* AddCell.swift in Sources */ = {isa = PBXBuildFile; fileRef = 755425C8272A98B500733D64 /* AddCell.swift */; };
		755425CB272A9C4700733D64 /* VerticalLabelStyle.swift in Sources */ = {isa = PBXBuildFile; fileRef = 755425CA272A9C4700733D64 /* VerticalLabelStyle.swift */; };
		755425CD272AA02200733D64 /* ImagePicker.swift in Sources */ = {isa = PBXBuildFile; fileRef = 755425CC272AA02200733D64 /* ImagePicker.swift */; };
		755425CF272AA10400733D64 /* PhotoCell.swift in Sources */ = {isa = PBXBuildFile; fileRef = 755425CE272AA10400733D64 /* PhotoCell.swift */; };
		755425D3272AC9C700733D64 /* ImageViewer in Frameworks */ = {isa = PBXBuildFile; productRef = 755425D2272AC9C700733D64 /* ImageViewer */; };
		755425D5272AC9C700733D64 /* ImageViewerRemote in Frameworks */ = {isa = PBXBuildFile; productRef = 755425D4272AC9C700733D64 /* ImageViewerRemote */; };
		755425D7272ACC8D00733D64 /* CameraPicker.swift in Sources */ = {isa = PBXBuildFile; fileRef = 755425D6272ACC8D00733D64 /* CameraPicker.swift */; };
		7557599A272FE66400DA8B9A /* EditDocumentViewModel.swift in Sources */ = {isa = PBXBuildFile; fileRef = 75575999272FE66400DA8B9A /* EditDocumentViewModel.swift */; };
		7557599E272FFDCB00DA8B9A /* NameAndFolderView.swift in Sources */ = {isa = PBXBuildFile; fileRef = 7557599D272FFDCB00DA8B9A /* NameAndFolderView.swift */; };
		755759A0273006F700DA8B9A /* AddDocumentButton.swift in Sources */ = {isa = PBXBuildFile; fileRef = 7557599F273006F700DA8B9A /* AddDocumentButton.swift */; };
		755759A22730242600DA8B9A /* PhotosSectionView.swift in Sources */ = {isa = PBXBuildFile; fileRef = 755759A12730242600DA8B9A /* PhotosSectionView.swift */; };
		755759A7273044A800DA8B9A /* Field.swift in Sources */ = {isa = PBXBuildFile; fileRef = 755759A6273044A800DA8B9A /* Field.swift */; };
		755759A9273044BC00DA8B9A /* Section.swift in Sources */ = {isa = PBXBuildFile; fileRef = 755759A8273044BC00DA8B9A /* Section.swift */; };
		755759AB2730450800DA8B9A /* Document.swift in Sources */ = {isa = PBXBuildFile; fileRef = 755759AA2730450800DA8B9A /* Document.swift */; };
		755759AD2730455600DA8B9A /* Folder.swift in Sources */ = {isa = PBXBuildFile; fileRef = 755759AC2730455600DA8B9A /* Folder.swift */; };
		755759AF273045B900DA8B9A /* CoreDataConverter.swift in Sources */ = {isa = PBXBuildFile; fileRef = 755759AE273045B900DA8B9A /* CoreDataConverter.swift */; };
		756AF0B02726C320001CB821 /* DuckDepoApp.swift in Sources */ = {isa = PBXBuildFile; fileRef = 756AF0AF2726C320001CB821 /* DuckDepoApp.swift */; };
		756AF0B22726C320001CB821 /* ContentView.swift in Sources */ = {isa = PBXBuildFile; fileRef = 756AF0B12726C320001CB821 /* ContentView.swift */; };
		756AF0B42726C324001CB821 /* Assets.xcassets in Resources */ = {isa = PBXBuildFile; fileRef = 756AF0B32726C324001CB821 /* Assets.xcassets */; };
		756AF0B72726C324001CB821 /* Preview Assets.xcassets in Resources */ = {isa = PBXBuildFile; fileRef = 756AF0B62726C324001CB821 /* Preview Assets.xcassets */; };
		756AF0B92726C324001CB821 /* Persistence.swift in Sources */ = {isa = PBXBuildFile; fileRef = 756AF0B82726C324001CB821 /* Persistence.swift */; };
		756AF0BC2726C324001CB821 /* DuckDepo.xcdatamodeld in Sources */ = {isa = PBXBuildFile; fileRef = 756AF0BA2726C324001CB821 /* DuckDepo.xcdatamodeld */; };
		7574E8ED272AE66B0079B51C /* DocumentView.swift in Sources */ = {isa = PBXBuildFile; fileRef = 7574E8EC272AE66B0079B51C /* DocumentView.swift */; };
		758ABD132729828F0074F61A /* EditDocumentView.swift in Sources */ = {isa = PBXBuildFile; fileRef = 758ABD122729828F0074F61A /* EditDocumentView.swift */; };
		75AB83E12733E2C9000618F1 /* Pill Notification.swift in Sources */ = {isa = PBXBuildFile; fileRef = 75AB83E02733E2C9000618F1 /* Pill Notification.swift */; };
		75AB83E32733E77D000618F1 /* Notification.Name extension.swift in Sources */ = {isa = PBXBuildFile; fileRef = 75AB83E22733E77D000618F1 /* Notification.Name extension.swift */; };
		75C5CFBD272C7C9200C90C3C /* FloatingTextField.swift in Sources */ = {isa = PBXBuildFile; fileRef = 75C5CFBC272C7C9200C90C3C /* FloatingTextField.swift */; };
		75D414EB2726CA6700355AE7 /* CloudKit.framework in Frameworks */ = {isa = PBXBuildFile; fileRef = 75D414EA2726CA6700355AE7 /* CloudKit.framework */; };
		75D414ED2727E7A500355AE7 /* Initial Setup.swift in Sources */ = {isa = PBXBuildFile; fileRef = 75D414EC2727E7A400355AE7 /* Initial Setup.swift */; };
		75D414F9272800BD00355AE7 /* DDFolder+CoreDataClass.swift in Sources */ = {isa = PBXBuildFile; fileRef = 75D414F7272800BD00355AE7 /* DDFolder+CoreDataClass.swift */; };
		75D414FA272800BD00355AE7 /* DDFolder+CoreDataProperties.swift in Sources */ = {isa = PBXBuildFile; fileRef = 75D414F8272800BD00355AE7 /* DDFolder+CoreDataProperties.swift */; };
		75D414FD2728021700355AE7 /* DDDocument+CoreDataClass.swift in Sources */ = {isa = PBXBuildFile; fileRef = 75D414FB2728021700355AE7 /* DDDocument+CoreDataClass.swift */; };
		75D414FE2728021700355AE7 /* DDDocument+CoreDataProperties.swift in Sources */ = {isa = PBXBuildFile; fileRef = 75D414FC2728021700355AE7 /* DDDocument+CoreDataProperties.swift */; };
		75D4150027280CF300355AE7 /* DepoListView.swift in Sources */ = {isa = PBXBuildFile; fileRef = 75D414FF27280CF300355AE7 /* DepoListView.swift */; };
		75D4150427280F6400355AE7 /* SettingsView.swift in Sources */ = {isa = PBXBuildFile; fileRef = 75D4150327280F6400355AE7 /* SettingsView.swift */; };
/* End PBXBuildFile section */

/* Begin PBXFileReference section */
		7502B5EB27312E3C00E9F0C8 /* AddSectionMenu.swift */ = {isa = PBXFileReference; lastKnownFileType = sourcecode.swift; path = AddSectionMenu.swift; sourceTree = "<group>"; };
		7502B5ED2731509E00E9F0C8 /* Binding.swift */ = {isa = PBXFileReference; lastKnownFileType = sourcecode.swift; path = Binding.swift; sourceTree = "<group>"; };
		7502B5EF27316F2E00E9F0C8 /* SectionView.swift */ = {isa = PBXFileReference; lastKnownFileType = sourcecode.swift; path = SectionView.swift; sourceTree = "<group>"; };
		7502B5F127318F7300E9F0C8 /* FloatingTextView.swift */ = {isa = PBXFileReference; lastKnownFileType = sourcecode.swift; path = FloatingTextView.swift; sourceTree = "<group>"; };
		751E9B47272AF7B1008D4D26 /* UIImage Extension.swift */ = {isa = PBXFileReference; lastKnownFileType = sourcecode.swift; path = "UIImage Extension.swift"; sourceTree = "<group>"; };
		753F1FBE272BE56400804584 /* Color extension.swift */ = {isa = PBXFileReference; lastKnownFileType = sourcecode.swift; path = "Color extension.swift"; sourceTree = "<group>"; };
		753F1FC0272BF3B500804584 /* DDField+CoreDataClass.swift */ = {isa = PBXFileReference; lastKnownFileType = sourcecode.swift; path = "DDField+CoreDataClass.swift"; sourceTree = "<group>"; };
		753F1FC1272BF3B500804584 /* DDField+CoreDataProperties.swift */ = {isa = PBXFileReference; lastKnownFileType = sourcecode.swift; path = "DDField+CoreDataProperties.swift"; sourceTree = "<group>"; };
		753F1FD8272BF5F000804584 /* DDSection+CoreDataClass.swift */ = {isa = PBXFileReference; lastKnownFileType = sourcecode.swift; path = "DDSection+CoreDataClass.swift"; sourceTree = "<group>"; };
		753F1FD9272BF5F000804584 /* DDSection+CoreDataProperties.swift */ = {isa = PBXFileReference; lastKnownFileType = sourcecode.swift; path = "DDSection+CoreDataProperties.swift"; sourceTree = "<group>"; };
		753F1FE2272C008B00804584 /* Info Options.swift */ = {isa = PBXFileReference; lastKnownFileType = sourcecode.swift; path = "Info Options.swift"; sourceTree = "<group>"; };
		753F1FE4272C019700804584 /* String Extension.swift */ = {isa = PBXFileReference; lastKnownFileType = sourcecode.swift; path = "String Extension.swift"; sourceTree = "<group>"; };
		753F1FE6272C0A9A00804584 /* CustomButtonStyle.swift */ = {isa = PBXFileReference; lastKnownFileType = sourcecode.swift; path = CustomButtonStyle.swift; sourceTree = "<group>"; };
		7542D9152728122D00DB7A95 /* EditFoldersView.swift */ = {isa = PBXFileReference; lastKnownFileType = sourcecode.swift; path = EditFoldersView.swift; sourceTree = "<group>"; };
		7542D91C27283C9000DB7A95 /* Alert Extension.swift */ = {isa = PBXFileReference; lastKnownFileType = sourcecode.swift; path = "Alert Extension.swift"; sourceTree = "<group>"; };
		7542D91E272845D600DB7A95 /* CoreDataEntity.swift */ = {isa = PBXFileReference; lastKnownFileType = sourcecode.swift; path = CoreDataEntity.swift; sourceTree = "<group>"; };
		7542D92027284F4B00DB7A95 /* AddNewView.swift */ = {isa = PBXFileReference; lastKnownFileType = sourcecode.swift; path = AddNewView.swift; sourceTree = "<group>"; };
		755425C8272A98B500733D64 /* AddCell.swift */ = {isa = PBXFileReference; lastKnownFileType = sourcecode.swift; path = AddCell.swift; sourceTree = "<group>"; };
		755425CA272A9C4700733D64 /* VerticalLabelStyle.swift */ = {isa = PBXFileReference; lastKnownFileType = sourcecode.swift; path = VerticalLabelStyle.swift; sourceTree = "<group>"; };
		755425CC272AA02200733D64 /* ImagePicker.swift */ = {isa = PBXFileReference; lastKnownFileType = sourcecode.swift; path = ImagePicker.swift; sourceTree = "<group>"; };
		755425CE272AA10400733D64 /* PhotoCell.swift */ = {isa = PBXFileReference; lastKnownFileType = sourcecode.swift; path = PhotoCell.swift; sourceTree = "<group>"; };
		755425D6272ACC8D00733D64 /* CameraPicker.swift */ = {isa = PBXFileReference; lastKnownFileType = sourcecode.swift; path = CameraPicker.swift; sourceTree = "<group>"; };
		75575999272FE66400DA8B9A /* EditDocumentViewModel.swift */ = {isa = PBXFileReference; lastKnownFileType = sourcecode.swift; path = EditDocumentViewModel.swift; sourceTree = "<group>"; };
		7557599D272FFDCB00DA8B9A /* NameAndFolderView.swift */ = {isa = PBXFileReference; lastKnownFileType = sourcecode.swift; path = NameAndFolderView.swift; sourceTree = "<group>"; };
		7557599F273006F700DA8B9A /* AddDocumentButton.swift */ = {isa = PBXFileReference; lastKnownFileType = sourcecode.swift; path = AddDocumentButton.swift; sourceTree = "<group>"; };
		755759A12730242600DA8B9A /* PhotosSectionView.swift */ = {isa = PBXFileReference; lastKnownFileType = sourcecode.swift; path = PhotosSectionView.swift; sourceTree = "<group>"; };
		755759A6273044A800DA8B9A /* Field.swift */ = {isa = PBXFileReference; lastKnownFileType = sourcecode.swift; path = Field.swift; sourceTree = "<group>"; };
		755759A8273044BC00DA8B9A /* Section.swift */ = {isa = PBXFileReference; lastKnownFileType = sourcecode.swift; path = Section.swift; sourceTree = "<group>"; };
		755759AA2730450800DA8B9A /* Document.swift */ = {isa = PBXFileReference; lastKnownFileType = sourcecode.swift; path = Document.swift; sourceTree = "<group>"; };
		755759AC2730455600DA8B9A /* Folder.swift */ = {isa = PBXFileReference; lastKnownFileType = sourcecode.swift; path = Folder.swift; sourceTree = "<group>"; };
		755759AE273045B900DA8B9A /* CoreDataConverter.swift */ = {isa = PBXFileReference; lastKnownFileType = sourcecode.swift; path = CoreDataConverter.swift; sourceTree = "<group>"; };
		756AF0AC2726C320001CB821 /* DuckDepo.app */ = {isa = PBXFileReference; explicitFileType = wrapper.application; includeInIndex = 0; path = DuckDepo.app; sourceTree = BUILT_PRODUCTS_DIR; };
		756AF0AF2726C320001CB821 /* DuckDepoApp.swift */ = {isa = PBXFileReference; lastKnownFileType = sourcecode.swift; path = DuckDepoApp.swift; sourceTree = "<group>"; };
		756AF0B12726C320001CB821 /* ContentView.swift */ = {isa = PBXFileReference; lastKnownFileType = sourcecode.swift; path = ContentView.swift; sourceTree = "<group>"; };
		756AF0B32726C324001CB821 /* Assets.xcassets */ = {isa = PBXFileReference; lastKnownFileType = folder.assetcatalog; path = Assets.xcassets; sourceTree = "<group>"; };
		756AF0B62726C324001CB821 /* Preview Assets.xcassets */ = {isa = PBXFileReference; lastKnownFileType = folder.assetcatalog; path = "Preview Assets.xcassets"; sourceTree = "<group>"; };
		756AF0B82726C324001CB821 /* Persistence.swift */ = {isa = PBXFileReference; lastKnownFileType = sourcecode.swift; path = Persistence.swift; sourceTree = "<group>"; };
		756AF0BB2726C324001CB821 /* DuckDepo.xcdatamodel */ = {isa = PBXFileReference; lastKnownFileType = wrapper.xcdatamodel; path = DuckDepo.xcdatamodel; sourceTree = "<group>"; };
		756AF0C22726C4B6001CB821 /* DuckDepo.entitlements */ = {isa = PBXFileReference; lastKnownFileType = text.plist.entitlements; path = DuckDepo.entitlements; sourceTree = "<group>"; };
		756AF0C32726C4CD001CB821 /* Info.plist */ = {isa = PBXFileReference; lastKnownFileType = text.plist; path = Info.plist; sourceTree = "<group>"; };
		7574E8EC272AE66B0079B51C /* DocumentView.swift */ = {isa = PBXFileReference; lastKnownFileType = sourcecode.swift; path = DocumentView.swift; sourceTree = "<group>"; };
		758ABD122729828F0074F61A /* EditDocumentView.swift */ = {isa = PBXFileReference; lastKnownFileType = sourcecode.swift; path = EditDocumentView.swift; sourceTree = "<group>"; };
		75AB83E02733E2C9000618F1 /* Pill Notification.swift */ = {isa = PBXFileReference; lastKnownFileType = sourcecode.swift; path = "Pill Notification.swift"; sourceTree = "<group>"; };
		75AB83E22733E77D000618F1 /* Notification.Name extension.swift */ = {isa = PBXFileReference; lastKnownFileType = sourcecode.swift; path = "Notification.Name extension.swift"; sourceTree = "<group>"; };
		75C5CFBC272C7C9200C90C3C /* FloatingTextField.swift */ = {isa = PBXFileReference; lastKnownFileType = sourcecode.swift; path = FloatingTextField.swift; sourceTree = "<group>"; };
		75D414EA2726CA6700355AE7 /* CloudKit.framework */ = {isa = PBXFileReference; lastKnownFileType = wrapper.framework; name = CloudKit.framework; path = System/Library/Frameworks/CloudKit.framework; sourceTree = SDKROOT; };
		75D414EC2727E7A400355AE7 /* Initial Setup.swift */ = {isa = PBXFileReference; lastKnownFileType = sourcecode.swift; path = "Initial Setup.swift"; sourceTree = "<group>"; };
		75D414F7272800BD00355AE7 /* DDFolder+CoreDataClass.swift */ = {isa = PBXFileReference; lastKnownFileType = sourcecode.swift; path = "DDFolder+CoreDataClass.swift"; sourceTree = "<group>"; };
		75D414F8272800BD00355AE7 /* DDFolder+CoreDataProperties.swift */ = {isa = PBXFileReference; lastKnownFileType = sourcecode.swift; path = "DDFolder+CoreDataProperties.swift"; sourceTree = "<group>"; };
		75D414FB2728021700355AE7 /* DDDocument+CoreDataClass.swift */ = {isa = PBXFileReference; lastKnownFileType = sourcecode.swift; path = "DDDocument+CoreDataClass.swift"; sourceTree = "<group>"; };
		75D414FC2728021700355AE7 /* DDDocument+CoreDataProperties.swift */ = {isa = PBXFileReference; lastKnownFileType = sourcecode.swift; path = "DDDocument+CoreDataProperties.swift"; sourceTree = "<group>"; };
		75D414FF27280CF300355AE7 /* DepoListView.swift */ = {isa = PBXFileReference; lastKnownFileType = sourcecode.swift; path = DepoListView.swift; sourceTree = "<group>"; };
		75D4150327280F6400355AE7 /* SettingsView.swift */ = {isa = PBXFileReference; lastKnownFileType = sourcecode.swift; path = SettingsView.swift; sourceTree = "<group>"; };
/* End PBXFileReference section */

/* Begin PBXFrameworksBuildPhase section */
		756AF0A92726C320001CB821 /* Frameworks */ = {
			isa = PBXFrameworksBuildPhase;
			buildActionMask = 2147483647;
			files = (
				755425D3272AC9C700733D64 /* ImageViewer in Frameworks */,
				75D414EB2726CA6700355AE7 /* CloudKit.framework in Frameworks */,
				755425D5272AC9C700733D64 /* ImageViewerRemote in Frameworks */,
			);
			runOnlyForDeploymentPostprocessing = 0;
		};
/* End PBXFrameworksBuildPhase section */

/* Begin PBXGroup section */
		7542D917272819A100DB7A95 /* Helpers */ = {
			isa = PBXGroup;
			children = (
				7542D91C27283C9000DB7A95 /* Alert Extension.swift */,
				755425CA272A9C4700733D64 /* VerticalLabelStyle.swift */,
				751E9B47272AF7B1008D4D26 /* UIImage Extension.swift */,
				753F1FE4272C019700804584 /* String Extension.swift */,
				753F1FBE272BE56400804584 /* Color extension.swift */,
				753F1FE2272C008B00804584 /* Info Options.swift */,
				753F1FE6272C0A9A00804584 /* CustomButtonStyle.swift */,
				755759AE273045B900DA8B9A /* CoreDataConverter.swift */,
				75AB83E22733E77D000618F1 /* Notification.Name extension.swift */,
				7502B5ED2731509E00E9F0C8 /* Binding.swift */,
			);
			path = Helpers;
			sourceTree = "<group>";
		};
		7557599B272FFD8700DA8B9A /* Add New Document */ = {
			isa = PBXGroup;
			children = (
				758ABD122729828F0074F61A /* EditDocumentView.swift */,
				75575999272FE66400DA8B9A /* EditDocumentViewModel.swift */,
				7557599C272FFDA400DA8B9A /* Subviews */,
			);
			path = "Add New Document";
			sourceTree = "<group>";
		};
		7557599C272FFDA400DA8B9A /* Subviews */ = {
			isa = PBXGroup;
			children = (
				7557599D272FFDCB00DA8B9A /* NameAndFolderView.swift */,
				7557599F273006F700DA8B9A /* AddDocumentButton.swift */,
				755759A12730242600DA8B9A /* PhotosSectionView.swift */,
				7502B5EF27316F2E00E9F0C8 /* SectionView.swift */,
				7502B5EB27312E3C00E9F0C8 /* AddSectionMenu.swift */,
			);
			path = Subviews;
			sourceTree = "<group>";
		};
		755759A52730449B00DA8B9A /* Models */ = {
			isa = PBXGroup;
			children = (
				755759A6273044A800DA8B9A /* Field.swift */,
				755759A8273044BC00DA8B9A /* Section.swift */,
				755759AA2730450800DA8B9A /* Document.swift */,
				755759AC2730455600DA8B9A /* Folder.swift */,
			);
			path = Models;
			sourceTree = "<group>";
		};
		756AF0A32726C320001CB821 = {
			isa = PBXGroup;
			children = (
				756AF0AE2726C320001CB821 /* DuckDepo */,
				756AF0AD2726C320001CB821 /* Products */,
				75D414E92726CA6700355AE7 /* Frameworks */,
			);
			sourceTree = "<group>";
		};
		756AF0AD2726C320001CB821 /* Products */ = {
			isa = PBXGroup;
			children = (
				756AF0AC2726C320001CB821 /* DuckDepo.app */,
			);
			name = Products;
			sourceTree = "<group>";
		};
		756AF0AE2726C320001CB821 /* DuckDepo */ = {
			isa = PBXGroup;
			children = (
				756AF0C32726C4CD001CB821 /* Info.plist */,
				756AF0C22726C4B6001CB821 /* DuckDepo.entitlements */,
				756AF0AF2726C320001CB821 /* DuckDepoApp.swift */,
				755759A52730449B00DA8B9A /* Models */,
				758ABD10272977C50074F61A /* Views */,
				756AF0B32726C324001CB821 /* Assets.xcassets */,
				7542D917272819A100DB7A95 /* Helpers */,
				756AF0BA2726C324001CB821 /* DuckDepo.xcdatamodeld */,
				75D414F62728002C00355AE7 /* CoreData */,
				756AF0B52726C324001CB821 /* Preview Content */,
			);
			path = DuckDepo;
			sourceTree = "<group>";
		};
		756AF0B52726C324001CB821 /* Preview Content */ = {
			isa = PBXGroup;
			children = (
				756AF0B62726C324001CB821 /* Preview Assets.xcassets */,
			);
			path = "Preview Content";
			sourceTree = "<group>";
		};
		758ABD10272977C50074F61A /* Views */ = {
			isa = PBXGroup;
			children = (
				756AF0B12726C320001CB821 /* ContentView.swift */,
				75D414FF27280CF300355AE7 /* DepoListView.swift */,
				7557599B272FFD8700DA8B9A /* Add New Document */,
				7574E8EC272AE66B0079B51C /* DocumentView.swift */,
				75D4150327280F6400355AE7 /* SettingsView.swift */,
				7542D9152728122D00DB7A95 /* EditFoldersView.swift */,
				7542D92027284F4B00DB7A95 /* AddNewView.swift */,
				758ABD16272987A90074F61A /* Elements */,
			);
			path = Views;
			sourceTree = "<group>";
		};
		758ABD11272977D50074F61A /* Classes */ = {
			isa = PBXGroup;
			children = (
				75D414F7272800BD00355AE7 /* DDFolder+CoreDataClass.swift */,
				75D414F8272800BD00355AE7 /* DDFolder+CoreDataProperties.swift */,
				75D414FB2728021700355AE7 /* DDDocument+CoreDataClass.swift */,
				75D414FC2728021700355AE7 /* DDDocument+CoreDataProperties.swift */,
				753F1FC0272BF3B500804584 /* DDField+CoreDataClass.swift */,
				753F1FC1272BF3B500804584 /* DDField+CoreDataProperties.swift */,
				753F1FD8272BF5F000804584 /* DDSection+CoreDataClass.swift */,
				753F1FD9272BF5F000804584 /* DDSection+CoreDataProperties.swift */,
				7542D91E272845D600DB7A95 /* CoreDataEntity.swift */,
			);
			path = Classes;
			sourceTree = "<group>";
		};
		758ABD16272987A90074F61A /* Elements */ = {
			isa = PBXGroup;
			children = (
				755425C8272A98B500733D64 /* AddCell.swift */,
				755425CE272AA10400733D64 /* PhotoCell.swift */,
				755425CC272AA02200733D64 /* ImagePicker.swift */,
				755425D6272ACC8D00733D64 /* CameraPicker.swift */,
				75C5CFBC272C7C9200C90C3C /* FloatingTextField.swift */,
				7502B5F127318F7300E9F0C8 /* FloatingTextView.swift */,
				75AB83E02733E2C9000618F1 /* Pill Notification.swift */,
			);
			path = Elements;
			sourceTree = "<group>";
		};
		75D414E92726CA6700355AE7 /* Frameworks */ = {
			isa = PBXGroup;
			children = (
				75D414EA2726CA6700355AE7 /* CloudKit.framework */,
			);
			name = Frameworks;
			sourceTree = "<group>";
		};
		75D414F62728002C00355AE7 /* CoreData */ = {
			isa = PBXGroup;
			children = (
				756AF0B82726C324001CB821 /* Persistence.swift */,
				75D414EC2727E7A400355AE7 /* Initial Setup.swift */,
				758ABD11272977D50074F61A /* Classes */,
			);
			path = CoreData;
			sourceTree = "<group>";
		};
/* End PBXGroup section */

/* Begin PBXNativeTarget section */
		756AF0AB2726C320001CB821 /* DuckDepo */ = {
			isa = PBXNativeTarget;
			buildConfigurationList = 756AF0BF2726C324001CB821 /* Build configuration list for PBXNativeTarget "DuckDepo" */;
			buildPhases = (
				756AF0A82726C320001CB821 /* Sources */,
				756AF0A92726C320001CB821 /* Frameworks */,
				756AF0AA2726C320001CB821 /* Resources */,
			);
			buildRules = (
			);
			dependencies = (
			);
			name = DuckDepo;
			packageProductDependencies = (
				755425D2272AC9C700733D64 /* ImageViewer */,
				755425D4272AC9C700733D64 /* ImageViewerRemote */,
			);
			productName = DuckDepo;
			productReference = 756AF0AC2726C320001CB821 /* DuckDepo.app */;
			productType = "com.apple.product-type.application";
		};
/* End PBXNativeTarget section */

/* Begin PBXProject section */
		756AF0A42726C320001CB821 /* Project object */ = {
			isa = PBXProject;
			attributes = {
				BuildIndependentTargetsInParallel = 1;
				LastSwiftUpdateCheck = 1300;
				LastUpgradeCheck = 1300;
				TargetAttributes = {
					756AF0AB2726C320001CB821 = {
						CreatedOnToolsVersion = 13.0;
					};
				};
			};
			buildConfigurationList = 756AF0A72726C320001CB821 /* Build configuration list for PBXProject "DuckDepo" */;
			compatibilityVersion = "Xcode 13.0";
			developmentRegion = en;
			hasScannedForEncodings = 0;
			knownRegions = (
				en,
				Base,
			);
			mainGroup = 756AF0A32726C320001CB821;
			packageReferences = (
				755425D1272AC9C700733D64 /* XCRemoteSwiftPackageReference "swiftui-image-viewer" */,
			);
			productRefGroup = 756AF0AD2726C320001CB821 /* Products */;
			projectDirPath = "";
			projectRoot = "";
			targets = (
				756AF0AB2726C320001CB821 /* DuckDepo */,
			);
		};
/* End PBXProject section */

/* Begin PBXResourcesBuildPhase section */
		756AF0AA2726C320001CB821 /* Resources */ = {
			isa = PBXResourcesBuildPhase;
			buildActionMask = 2147483647;
			files = (
				756AF0B72726C324001CB821 /* Preview Assets.xcassets in Resources */,
				756AF0B42726C324001CB821 /* Assets.xcassets in Resources */,
			);
			runOnlyForDeploymentPostprocessing = 0;
		};
/* End PBXResourcesBuildPhase section */

/* Begin PBXSourcesBuildPhase section */
		756AF0A82726C320001CB821 /* Sources */ = {
			isa = PBXSourcesBuildPhase;
			buildActionMask = 2147483647;
			files = (
				75D414FE2728021700355AE7 /* DDDocument+CoreDataProperties.swift in Sources */,
				7557599A272FE66400DA8B9A /* EditDocumentViewModel.swift in Sources */,
				75D414FA272800BD00355AE7 /* DDFolder+CoreDataProperties.swift in Sources */,
				75D4150027280CF300355AE7 /* DepoListView.swift in Sources */,
				7502B5EE2731509E00E9F0C8 /* Binding.swift in Sources */,
				7502B5F227318F7400E9F0C8 /* FloatingTextView.swift in Sources */,
				758ABD132729828F0074F61A /* EditDocumentView.swift in Sources */,
				755759A9273044BC00DA8B9A /* Section.swift in Sources */,
				753F1FBF272BE56400804584 /* Color extension.swift in Sources */,
				7502B5F027316F2E00E9F0C8 /* SectionView.swift in Sources */,
				75D414ED2727E7A500355AE7 /* Initial Setup.swift in Sources */,
				756AF0BC2726C324001CB821 /* DuckDepo.xcdatamodeld in Sources */,
				755759AB2730450800DA8B9A /* Document.swift in Sources */,
				7557599E272FFDCB00DA8B9A /* NameAndFolderView.swift in Sources */,
				75AB83E32733E77D000618F1 /* Notification.Name extension.swift in Sources */,
				75AB83E12733E2C9000618F1 /* Pill Notification.swift in Sources */,
				755425C9272A98B500733D64 /* AddCell.swift in Sources */,
				7574E8ED272AE66B0079B51C /* DocumentView.swift in Sources */,
				7502B5EC27312E3C00E9F0C8 /* AddSectionMenu.swift in Sources */,
				753F1FC4272BF3B500804584 /* DDField+CoreDataClass.swift in Sources */,
				755425CD272AA02200733D64 /* ImagePicker.swift in Sources */,
				7542D91F272845D600DB7A95 /* CoreDataEntity.swift in Sources */,
				753F1FC5272BF3B500804584 /* DDField+CoreDataProperties.swift in Sources */,
				753F1FE5272C019700804584 /* String Extension.swift in Sources */,
				755759A22730242600DA8B9A /* PhotosSectionView.swift in Sources */,
				753F1FDB272BF5F000804584 /* DDSection+CoreDataProperties.swift in Sources */,
				755759A0273006F700DA8B9A /* AddDocumentButton.swift in Sources */,
				755759A7273044A800DA8B9A /* Field.swift in Sources */,
				75C5CFBD272C7C9200C90C3C /* FloatingTextField.swift in Sources */,
				756AF0B92726C324001CB821 /* Persistence.swift in Sources */,
				7542D92127284F4C00DB7A95 /* AddNewView.swift in Sources */,
				7542D91D27283C9000DB7A95 /* Alert Extension.swift in Sources */,
				751E9B48272AF7B1008D4D26 /* UIImage Extension.swift in Sources */,
				75D414FD2728021700355AE7 /* DDDocument+CoreDataClass.swift in Sources */,
				755759AF273045B900DA8B9A /* CoreDataConverter.swift in Sources */,
				756AF0B22726C320001CB821 /* ContentView.swift in Sources */,
				756AF0B02726C320001CB821 /* DuckDepoApp.swift in Sources */,
				75D414F9272800BD00355AE7 /* DDFolder+CoreDataClass.swift in Sources */,
				755425CF272AA10400733D64 /* PhotoCell.swift in Sources */,
				7542D9162728122E00DB7A95 /* EditFoldersView.swift in Sources */,
				753F1FE7272C0A9A00804584 /* CustomButtonStyle.swift in Sources */,
				755425D7272ACC8D00733D64 /* CameraPicker.swift in Sources */,
				753F1FDA272BF5F000804584 /* DDSection+CoreDataClass.swift in Sources */,
				755425CB272A9C4700733D64 /* VerticalLabelStyle.swift in Sources */,
				75D4150427280F6400355AE7 /* SettingsView.swift in Sources */,
				753F1FE3272C008B00804584 /* Info Options.swift in Sources */,
				755759AD2730455600DA8B9A /* Folder.swift in Sources */,
			);
			runOnlyForDeploymentPostprocessing = 0;
		};
/* End PBXSourcesBuildPhase section */

/* Begin XCBuildConfiguration section */
		756AF0BD2726C324001CB821 /* Debug */ = {
			isa = XCBuildConfiguration;
			buildSettings = {
				ALWAYS_SEARCH_USER_PATHS = NO;
				CLANG_ANALYZER_NONNULL = YES;
				CLANG_ANALYZER_NUMBER_OBJECT_CONVERSION = YES_AGGRESSIVE;
				CLANG_CXX_LANGUAGE_STANDARD = "gnu++17";
				CLANG_CXX_LIBRARY = "libc++";
				CLANG_ENABLE_MODULES = YES;
				CLANG_ENABLE_OBJC_ARC = YES;
				CLANG_ENABLE_OBJC_WEAK = YES;
				CLANG_WARN_BLOCK_CAPTURE_AUTORELEASING = YES;
				CLANG_WARN_BOOL_CONVERSION = YES;
				CLANG_WARN_COMMA = YES;
				CLANG_WARN_CONSTANT_CONVERSION = YES;
				CLANG_WARN_DEPRECATED_OBJC_IMPLEMENTATIONS = YES;
				CLANG_WARN_DIRECT_OBJC_ISA_USAGE = YES_ERROR;
				CLANG_WARN_DOCUMENTATION_COMMENTS = YES;
				CLANG_WARN_EMPTY_BODY = YES;
				CLANG_WARN_ENUM_CONVERSION = YES;
				CLANG_WARN_INFINITE_RECURSION = YES;
				CLANG_WARN_INT_CONVERSION = YES;
				CLANG_WARN_NON_LITERAL_NULL_CONVERSION = YES;
				CLANG_WARN_OBJC_IMPLICIT_RETAIN_SELF = YES;
				CLANG_WARN_OBJC_LITERAL_CONVERSION = YES;
				CLANG_WARN_OBJC_ROOT_CLASS = YES_ERROR;
				CLANG_WARN_QUOTED_INCLUDE_IN_FRAMEWORK_HEADER = YES;
				CLANG_WARN_RANGE_LOOP_ANALYSIS = YES;
				CLANG_WARN_STRICT_PROTOTYPES = YES;
				CLANG_WARN_SUSPICIOUS_MOVE = YES;
				CLANG_WARN_UNGUARDED_AVAILABILITY = YES_AGGRESSIVE;
				CLANG_WARN_UNREACHABLE_CODE = YES;
				CLANG_WARN__DUPLICATE_METHOD_MATCH = YES;
				COPY_PHASE_STRIP = NO;
				DEBUG_INFORMATION_FORMAT = dwarf;
				ENABLE_STRICT_OBJC_MSGSEND = YES;
				ENABLE_TESTABILITY = YES;
				GCC_C_LANGUAGE_STANDARD = gnu11;
				GCC_DYNAMIC_NO_PIC = NO;
				GCC_NO_COMMON_BLOCKS = YES;
				GCC_OPTIMIZATION_LEVEL = 0;
				GCC_PREPROCESSOR_DEFINITIONS = (
					"DEBUG=1",
					"$(inherited)",
				);
				GCC_WARN_64_TO_32_BIT_CONVERSION = YES;
				GCC_WARN_ABOUT_RETURN_TYPE = YES_ERROR;
				GCC_WARN_UNDECLARED_SELECTOR = YES;
				GCC_WARN_UNINITIALIZED_AUTOS = YES_AGGRESSIVE;
				GCC_WARN_UNUSED_FUNCTION = YES;
				GCC_WARN_UNUSED_VARIABLE = YES;
				IPHONEOS_DEPLOYMENT_TARGET = 15.0;
				MTL_ENABLE_DEBUG_INFO = INCLUDE_SOURCE;
				MTL_FAST_MATH = YES;
				ONLY_ACTIVE_ARCH = YES;
				SDKROOT = iphoneos;
				SWIFT_ACTIVE_COMPILATION_CONDITIONS = DEBUG;
				SWIFT_OPTIMIZATION_LEVEL = "-Onone";
			};
			name = Debug;
		};
		756AF0BE2726C324001CB821 /* Release */ = {
			isa = XCBuildConfiguration;
			buildSettings = {
				ALWAYS_SEARCH_USER_PATHS = NO;
				CLANG_ANALYZER_NONNULL = YES;
				CLANG_ANALYZER_NUMBER_OBJECT_CONVERSION = YES_AGGRESSIVE;
				CLANG_CXX_LANGUAGE_STANDARD = "gnu++17";
				CLANG_CXX_LIBRARY = "libc++";
				CLANG_ENABLE_MODULES = YES;
				CLANG_ENABLE_OBJC_ARC = YES;
				CLANG_ENABLE_OBJC_WEAK = YES;
				CLANG_WARN_BLOCK_CAPTURE_AUTORELEASING = YES;
				CLANG_WARN_BOOL_CONVERSION = YES;
				CLANG_WARN_COMMA = YES;
				CLANG_WARN_CONSTANT_CONVERSION = YES;
				CLANG_WARN_DEPRECATED_OBJC_IMPLEMENTATIONS = YES;
				CLANG_WARN_DIRECT_OBJC_ISA_USAGE = YES_ERROR;
				CLANG_WARN_DOCUMENTATION_COMMENTS = YES;
				CLANG_WARN_EMPTY_BODY = YES;
				CLANG_WARN_ENUM_CONVERSION = YES;
				CLANG_WARN_INFINITE_RECURSION = YES;
				CLANG_WARN_INT_CONVERSION = YES;
				CLANG_WARN_NON_LITERAL_NULL_CONVERSION = YES;
				CLANG_WARN_OBJC_IMPLICIT_RETAIN_SELF = YES;
				CLANG_WARN_OBJC_LITERAL_CONVERSION = YES;
				CLANG_WARN_OBJC_ROOT_CLASS = YES_ERROR;
				CLANG_WARN_QUOTED_INCLUDE_IN_FRAMEWORK_HEADER = YES;
				CLANG_WARN_RANGE_LOOP_ANALYSIS = YES;
				CLANG_WARN_STRICT_PROTOTYPES = YES;
				CLANG_WARN_SUSPICIOUS_MOVE = YES;
				CLANG_WARN_UNGUARDED_AVAILABILITY = YES_AGGRESSIVE;
				CLANG_WARN_UNREACHABLE_CODE = YES;
				CLANG_WARN__DUPLICATE_METHOD_MATCH = YES;
				COPY_PHASE_STRIP = NO;
				DEBUG_INFORMATION_FORMAT = "dwarf-with-dsym";
				ENABLE_NS_ASSERTIONS = NO;
				ENABLE_STRICT_OBJC_MSGSEND = YES;
				GCC_C_LANGUAGE_STANDARD = gnu11;
				GCC_NO_COMMON_BLOCKS = YES;
				GCC_WARN_64_TO_32_BIT_CONVERSION = YES;
				GCC_WARN_ABOUT_RETURN_TYPE = YES_ERROR;
				GCC_WARN_UNDECLARED_SELECTOR = YES;
				GCC_WARN_UNINITIALIZED_AUTOS = YES_AGGRESSIVE;
				GCC_WARN_UNUSED_FUNCTION = YES;
				GCC_WARN_UNUSED_VARIABLE = YES;
				IPHONEOS_DEPLOYMENT_TARGET = 15.0;
				MTL_ENABLE_DEBUG_INFO = NO;
				MTL_FAST_MATH = YES;
				SDKROOT = iphoneos;
				SWIFT_COMPILATION_MODE = wholemodule;
				SWIFT_OPTIMIZATION_LEVEL = "-O";
				VALIDATE_PRODUCT = YES;
			};
			name = Release;
		};
		756AF0C02726C324001CB821 /* Debug */ = {
			isa = XCBuildConfiguration;
			buildSettings = {
				ASSETCATALOG_COMPILER_APPICON_NAME = AppIcon;
				ASSETCATALOG_COMPILER_GLOBAL_ACCENT_COLOR_NAME = AccentColor;
				ASSETCATALOG_COMPILER_INCLUDE_ALL_APPICON_ASSETS = YES;
				CODE_SIGN_ENTITLEMENTS = DuckDepo/DuckDepo.entitlements;
				CODE_SIGN_STYLE = Automatic;
				CURRENT_PROJECT_VERSION = 1;
				DEVELOPMENT_ASSET_PATHS = "\"DuckDepo/Preview Content\"";
				DEVELOPMENT_TEAM = 65952893XA;
				ENABLE_PREVIEWS = YES;
				GENERATE_INFOPLIST_FILE = YES;
				INFOPLIST_FILE = DuckDepo/Info.plist;
				INFOPLIST_KEY_NSCameraUsageDescription = "Camera is used to scan documents. ";
				INFOPLIST_KEY_UIApplicationSceneManifest_Generation = YES;
				INFOPLIST_KEY_UIApplicationSupportsIndirectInputEvents = YES;
				INFOPLIST_KEY_UILaunchScreen_Generation = YES;
				INFOPLIST_KEY_UISupportedInterfaceOrientations = UIInterfaceOrientationPortrait;
				INFOPLIST_KEY_UISupportedInterfaceOrientations_iPad = "UIInterfaceOrientationPortrait UIInterfaceOrientationPortraitUpsideDown UIInterfaceOrientationLandscapeLeft UIInterfaceOrientationLandscapeRight";
				INFOPLIST_KEY_UISupportedInterfaceOrientations_iPhone = "UIInterfaceOrientationPortrait UIInterfaceOrientationLandscapeLeft UIInterfaceOrientationLandscapeRight";
				IPHONEOS_DEPLOYMENT_TARGET = 15.0;
				LD_RUNPATH_SEARCH_PATHS = (
					"$(inherited)",
					"@executable_path/Frameworks",
				);
				MARKETING_VERSION = 1.0;
				PRODUCT_BUNDLE_IDENTIFIER = com.DuckDepo;
				PRODUCT_NAME = "$(TARGET_NAME)";
				SWIFT_EMIT_LOC_STRINGS = YES;
				SWIFT_VERSION = 5.0;
				TARGETED_DEVICE_FAMILY = 1;
			};
			name = Debug;
		};
		756AF0C12726C324001CB821 /* Release */ = {
			isa = XCBuildConfiguration;
			buildSettings = {
				ASSETCATALOG_COMPILER_APPICON_NAME = AppIcon;
				ASSETCATALOG_COMPILER_GLOBAL_ACCENT_COLOR_NAME = AccentColor;
				ASSETCATALOG_COMPILER_INCLUDE_ALL_APPICON_ASSETS = YES;
				CODE_SIGN_ENTITLEMENTS = DuckDepo/DuckDepo.entitlements;
				CODE_SIGN_STYLE = Automatic;
				CURRENT_PROJECT_VERSION = 1;
				DEVELOPMENT_ASSET_PATHS = "\"DuckDepo/Preview Content\"";
				DEVELOPMENT_TEAM = 65952893XA;
				ENABLE_PREVIEWS = YES;
				GENERATE_INFOPLIST_FILE = YES;
				INFOPLIST_FILE = DuckDepo/Info.plist;
				INFOPLIST_KEY_NSCameraUsageDescription = "Camera is used to scan documents. ";
				INFOPLIST_KEY_UIApplicationSceneManifest_Generation = YES;
				INFOPLIST_KEY_UIApplicationSupportsIndirectInputEvents = YES;
				INFOPLIST_KEY_UILaunchScreen_Generation = YES;
				INFOPLIST_KEY_UISupportedInterfaceOrientations = UIInterfaceOrientationPortrait;
				INFOPLIST_KEY_UISupportedInterfaceOrientations_iPad = "UIInterfaceOrientationPortrait UIInterfaceOrientationPortraitUpsideDown UIInterfaceOrientationLandscapeLeft UIInterfaceOrientationLandscapeRight";
				INFOPLIST_KEY_UISupportedInterfaceOrientations_iPhone = "UIInterfaceOrientationPortrait UIInterfaceOrientationLandscapeLeft UIInterfaceOrientationLandscapeRight";
				IPHONEOS_DEPLOYMENT_TARGET = 15.0;
				LD_RUNPATH_SEARCH_PATHS = (
					"$(inherited)",
					"@executable_path/Frameworks",
				);
				MARKETING_VERSION = 1.0;
				PRODUCT_BUNDLE_IDENTIFIER = com.DuckDepo;
				PRODUCT_NAME = "$(TARGET_NAME)";
				SWIFT_EMIT_LOC_STRINGS = YES;
				SWIFT_VERSION = 5.0;
				TARGETED_DEVICE_FAMILY = 1;
			};
			name = Release;
		};
/* End XCBuildConfiguration section */

/* Begin XCConfigurationList section */
		756AF0A72726C320001CB821 /* Build configuration list for PBXProject "DuckDepo" */ = {
			isa = XCConfigurationList;
			buildConfigurations = (
				756AF0BD2726C324001CB821 /* Debug */,
				756AF0BE2726C324001CB821 /* Release */,
			);
			defaultConfigurationIsVisible = 0;
			defaultConfigurationName = Release;
		};
		756AF0BF2726C324001CB821 /* Build configuration list for PBXNativeTarget "DuckDepo" */ = {
			isa = XCConfigurationList;
			buildConfigurations = (
				756AF0C02726C324001CB821 /* Debug */,
				756AF0C12726C324001CB821 /* Release */,
			);
			defaultConfigurationIsVisible = 0;
			defaultConfigurationName = Release;
		};
/* End XCConfigurationList section */

/* Begin XCRemoteSwiftPackageReference section */
		755425D1272AC9C700733D64 /* XCRemoteSwiftPackageReference "swiftui-image-viewer" */ = {
			isa = XCRemoteSwiftPackageReference;
			repositoryURL = "https://github.com/Jake-Short/swiftui-image-viewer.git";
			requirement = {
				branch = master;
				kind = branch;
			};
		};
/* End XCRemoteSwiftPackageReference section */

/* Begin XCSwiftPackageProductDependency section */
		755425D2272AC9C700733D64 /* ImageViewer */ = {
			isa = XCSwiftPackageProductDependency;
			package = 755425D1272AC9C700733D64 /* XCRemoteSwiftPackageReference "swiftui-image-viewer" */;
			productName = ImageViewer;
		};
		755425D4272AC9C700733D64 /* ImageViewerRemote */ = {
			isa = XCSwiftPackageProductDependency;
			package = 755425D1272AC9C700733D64 /* XCRemoteSwiftPackageReference "swiftui-image-viewer" */;
			productName = ImageViewerRemote;
		};
/* End XCSwiftPackageProductDependency section */

/* Begin XCVersionGroup section */
		756AF0BA2726C324001CB821 /* DuckDepo.xcdatamodeld */ = {
			isa = XCVersionGroup;
			children = (
				756AF0BB2726C324001CB821 /* DuckDepo.xcdatamodel */,
			);
			currentVersion = 756AF0BB2726C324001CB821 /* DuckDepo.xcdatamodel */;
			path = DuckDepo.xcdatamodeld;
			sourceTree = "<group>";
			versionGroupType = wrapper.xcdatamodel;
		};
/* End XCVersionGroup section */
	};
	rootObject = 756AF0A42726C320001CB821 /* Project object */;
}
